
Microsoft Visual Studio Solution File, Format Version 12.00
# Visual Studio Version 17
VisualStudioVersion = 17.14.36623.8 d17.14
MinimumVisualStudioVersion = 10.0.40219.1
Project("{FAE04EC0-301F-11D3-BF4B-00C04F79EFBC}") = "WebApi", "WebApi.csproj", "{F472DB3E-9171-4F49-9E5F-CDB460E75A10}"
EndProject
Global
	GlobalSection(SolutionConfigurationPlatforms) = preSolution
		Debug|Any CPU = Debug|Any CPU
		Release|Any CPU = Release|Any CPU
	EndGlobalSection
	GlobalSection(ProjectConfigurationPlatforms) = postSolution
		{F472DB3E-9171-4F49-9E5F-CDB460E75A10}.Debug|Any CPU.ActiveCfg = Debug|Any CPU
		{F472DB3E-9171-4F49-9E5F-CDB460E75A10}.Debug|Any CPU.Build.0 = Debug|Any CPU
		{F472DB3E-9171-4F49-9E5F-CDB460E75A10}.Release|Any CPU.ActiveCfg = Release|Any CPU
		{F472DB3E-9171-4F49-9E5F-CDB460E75A10}.Release|Any CPU.Build.0 = Release|Any CPU
	EndGlobalSection
	GlobalSection(SolutionProperties) = preSolution
		HideSolutionNode = FALSE
	EndGlobalSection
	GlobalSection(ExtensibilityGlobals) = postSolution
		SolutionGuid = {B0E8FE7C-EB00-493F-A95C-94333B29EDD0}
	EndGlobalSection
EndGlobal
